// !$*UTF8*$!
{
	archiveVersion = 1;
	classes = {
	};
	objectVersion = 46;
	objects = {

/* Begin PBXBuildFile section */
		4304CA4218832A7000539F13 /* coStoryboard.storyboard in Resources */ = {isa = PBXBuildFile; fileRef = 4304CA4118832A7000539F13 /* coStoryboard.storyboard */; };
		4304CA4418832A8100539F13 /* infStoryboard.storyboard in Resources */ = {isa = PBXBuildFile; fileRef = 4304CA4318832A8100539F13 /* infStoryboard.storyboard */; };
		4304CA4818832BB500539F13 /* mainStoryboard.storyboard in Resources */ = {isa = PBXBuildFile; fileRef = 4304CA4718832BB500539F13 /* mainStoryboard.storyboard */; };
		4304CA4B18832C4E00539F13 /* MainNavigationController.m in Sources */ = {isa = PBXBuildFile; fileRef = 4304CA4A18832C4E00539F13 /* MainNavigationController.m */; };
		4304CA5218832C9E00539F13 /* MainTabBarController.m in Sources */ = {isa = PBXBuildFile; fileRef = 4304CA4E18832C9E00539F13 /* MainTabBarController.m */; };
		4304CA5318832C9E00539F13 /* mainTabBar1.png in Resources */ = {isa = PBXBuildFile; fileRef = 4304CA5018832C9E00539F13 /* mainTabBar1.png */; };
		4304CA5418832C9E00539F13 /* mainTabBar2.png in Resources */ = {isa = PBXBuildFile; fileRef = 4304CA5118832C9E00539F13 /* mainTabBar2.png */; };
		4304CA5B18832E2900539F13 /* AppDelegate.m in Sources */ = {isa = PBXBuildFile; fileRef = 4304CA5718832E2900539F13 /* AppDelegate.m */; };
		4304CA5C18832E2900539F13 /* main.m in Sources */ = {isa = PBXBuildFile; fileRef = 4304CA5818832E2900539F13 /* main.m */; };
		4304CA801883339400539F13 /* pcStoryboard.storyboard in Resources */ = {isa = PBXBuildFile; fileRef = 4304CA7F1883339400539F13 /* pcStoryboard.storyboard */; };
		4304CA821883348E00539F13 /* Default-568h@2x.png in Resources */ = {isa = PBXBuildFile; fileRef = 4304CA811883348E00539F13 /* Default-568h@2x.png */; };
		4304CA841883363000539F13 /* InfoPlist.strings in Resources */ = {isa = PBXBuildFile; fileRef = 4304CA831883363000539F13 /* InfoPlist.strings */; };
		4304CA8D18833F3E00539F13 /* beStoryboard.storyboard in Resources */ = {isa = PBXBuildFile; fileRef = 4304CA8C18833F3E00539F13 /* beStoryboard.storyboard */; };
		43C43926187CBA7E001059FA /* AddressBookUI.framework in Frameworks */ = {isa = PBXBuildFile; fileRef = 43C43925187CBA7E001059FA /* AddressBookUI.framework */; };
		43D4251318834829008D68F3 /* moreStoryboard.storyboard in Resources */ = {isa = PBXBuildFile; fileRef = 43D4251218834829008D68F3 /* moreStoryboard.storyboard */; };
		43D8625B185E361B0000BDBE /* MapKit.framework in Frameworks */ = {isa = PBXBuildFile; fileRef = 43D8625A185E361B0000BDBE /* MapKit.framework */; };
		43E9DC00185906C2004E9491 /* CoreLocation.framework in Frameworks */ = {isa = PBXBuildFile; fileRef = 43E9DBFF185906C1004E9491 /* CoreLocation.framework */; };
		76001ECF18A5185B00608083 /* coWhereDetailTVC.m in Sources */ = {isa = PBXBuildFile; fileRef = 76001ECE18A5185B00608083 /* coWhereDetailTVC.m */; };
		76001ED218A520CF00608083 /* coFloorTVC.m in Sources */ = {isa = PBXBuildFile; fileRef = 76001ED118A520CF00608083 /* coFloorTVC.m */; };
		76001EEB18A52D7300608083 /* -.csv in Resources */ = {isa = PBXBuildFile; fileRef = 76001ED718A52D7300608083 /* -.csv */; };
		76001EEC18A52D7300608083 /* ITC1.csv in Resources */ = {isa = PBXBuildFile; fileRef = 76001ED818A52D7300608083 /* ITC1.csv */; };
		76001EED18A52D7300608083 /* ITC2.csv in Resources */ = {isa = PBXBuildFile; fileRef = 76001ED918A52D7300608083 /* ITC2.csv */; };
		76001EEE18A52D7300608083 /* ITC3.csv in Resources */ = {isa = PBXBuildFile; fileRef = 76001EDA18A52D7300608083 /* ITC3.csv */; };
		76001EEF18A52D7300608083 /* ITC4.csv in Resources */ = {isa = PBXBuildFile; fileRef = 76001EDB18A52D7300608083 /* ITC4.csv */; };
		76001EF018A52D7300608083 /* ITF1.csv in Resources */ = {isa = PBXBuildFile; fileRef = 76001EDC18A52D7300608083 /* ITF1.csv */; };
		76001EF118A52D7300608083 /* ITF2.csv in Resources */ = {isa = PBXBuildFile; fileRef = 76001EDD18A52D7300608083 /* ITF2.csv */; };
		76001EF218A52D7300608083 /* ITF3.csv in Resources */ = {isa = PBXBuildFile; fileRef = 76001EDE18A52D7300608083 /* ITF3.csv */; };
		76001EF318A52D7300608083 /* ITF4.csv in Resources */ = {isa = PBXBuildFile; fileRef = 76001EDF18A52D7300608083 /* ITF4.csv */; };
		76001EF418A52D7300608083 /* ITF5.csv in Resources */ = {isa = PBXBuildFile; fileRef = 76001EE018A52D7300608083 /* ITF5.csv */; };
		76001EF518A52D7300608083 /* ITF6.csv in Resources */ = {isa = PBXBuildFile; fileRef = 76001EE118A52D7300608083 /* ITF6.csv */; };
		76001EF618A52D7300608083 /* ITG1.csv in Resources */ = {isa = PBXBuildFile; fileRef = 76001EE218A52D7300608083 /* ITG1.csv */; };
		76001EF718A52D7300608083 /* ITG2.csv in Resources */ = {isa = PBXBuildFile; fileRef = 76001EE318A52D7300608083 /* ITG2.csv */; };
		76001EF818A52D7300608083 /* ITH3.csv in Resources */ = {isa = PBXBuildFile; fileRef = 76001EE418A52D7300608083 /* ITH3.csv */; };
		76001EF918A52D7300608083 /* ITH4.csv in Resources */ = {isa = PBXBuildFile; fileRef = 76001EE518A52D7300608083 /* ITH4.csv */; };
		76001EFA18A52D7300608083 /* ITH5.csv in Resources */ = {isa = PBXBuildFile; fileRef = 76001EE618A52D7300608083 /* ITH5.csv */; };
		76001EFB18A52D7300608083 /* ITI1.csv in Resources */ = {isa = PBXBuildFile; fileRef = 76001EE718A52D7300608083 /* ITI1.csv */; };
		76001EFC18A52D7300608083 /* ITI2.csv in Resources */ = {isa = PBXBuildFile; fileRef = 76001EE818A52D7300608083 /* ITI2.csv */; };
		76001EFD18A52D7300608083 /* ITI3.csv in Resources */ = {isa = PBXBuildFile; fileRef = 76001EE918A52D7300608083 /* ITI3.csv */; };
		76001EFE18A52D7300608083 /* ITI4.csv in Resources */ = {isa = PBXBuildFile; fileRef = 76001EEA18A52D7300608083 /* ITI4.csv */; };
		762B99F418A8E76C00B7D3CB /* coEffectsTVC.m in Sources */ = {isa = PBXBuildFile; fileRef = 762B99F318A8E76C00B7D3CB /* coEffectsTVC.m */; };
		764010F118ACD4DD0042D2E1 /* coEndTVC.m in Sources */ = {isa = PBXBuildFile; fileRef = 764010F018ACD4DD0042D2E1 /* coEndTVC.m */; };
		76406C2818A9276A00A20BF3 /* coQuestionTVC.m in Sources */ = {isa = PBXBuildFile; fileRef = 76406C2718A9276A00A20BF3 /* coQuestionTVC.m */; };
		764C9E1F18A91B880048EB92 /* coCheckmarkQuestionTVC.m in Sources */ = {isa = PBXBuildFile; fileRef = 764C9E1E18A91B880048EB92 /* coCheckmarkQuestionTVC.m */; };
		764C9E2218A920F50048EB92 /* coQuestionario.m in Sources */ = {isa = PBXBuildFile; fileRef = 764C9E2118A920F50048EB92 /* coQuestionario.m */; };
		764C9E2518A9224A0048EB92 /* coWhereLocation.m in Sources */ = {isa = PBXBuildFile; fileRef = 764C9E2418A9224A0048EB92 /* coWhereLocation.m */; };
		764C9E2918A923AB0048EB92 /* coStartingViewController.m in Sources */ = {isa = PBXBuildFile; fileRef = 764C9E2818A923AB0048EB92 /* coStartingViewController.m */; };
		76765F6118A3DEEE0069A76C /* coWhenTVC.m in Sources */ = {isa = PBXBuildFile; fileRef = 76765F6018A3DEEE0069A76C /* coWhenTVC.m */; };
		76765F6B18A3E59C0069A76C /* coIndirizzoTVC.m in Sources */ = {isa = PBXBuildFile; fileRef = 76765F6A18A3E59C0069A76C /* coIndirizzoTVC.m */; };
		76765F6F18A3E9710069A76C /* coComuniList.txt in Resources */ = {isa = PBXBuildFile; fileRef = 76765F6C18A3E9710069A76C /* coComuniList.txt */; };
		76765F7018A3E9710069A76C /* coProvinceList.txt in Resources */ = {isa = PBXBuildFile; fileRef = 76765F6D18A3E9710069A76C /* coProvinceList.txt */; };
		76765F7118A3E9710069A76C /* coRegionList.txt in Resources */ = {isa = PBXBuildFile; fileRef = 76765F6E18A3E9710069A76C /* coRegionList.txt */; };
		76B2F04118ABD36A00515F97 /* coTextViewQTVC.m in Sources */ = {isa = PBXBuildFile; fileRef = 76B2F04018ABD36A00515F97 /* coTextViewQTVC.m */; };
		76FCFD95189034A900F72C64 /* coWhereTVC.m in Sources */ = {isa = PBXBuildFile; fileRef = 76FCFD94189034A900F72C64 /* coWhereTVC.m */; };
		C95304C814FECBB400BF68B6 /* UIKit.framework in Frameworks */ = {isa = PBXBuildFile; fileRef = C95304C714FECBB400BF68B6 /* UIKit.framework */; };
		C95304CA14FECBB400BF68B6 /* Foundation.framework in Frameworks */ = {isa = PBXBuildFile; fileRef = C95304C914FECBB400BF68B6 /* Foundation.framework */; };
		C95304CC14FECBB400BF68B6 /* CoreGraphics.framework in Frameworks */ = {isa = PBXBuildFile; fileRef = C95304CB14FECBB400BF68B6 /* CoreGraphics.framework */; };
/* End PBXBuildFile section */

/* Begin PBXFileReference section */
		4304CA4118832A7000539F13 /* coStoryboard.storyboard */ = {isa = PBXFileReference; fileEncoding = 4; lastKnownFileType = file.storyboard; name = coStoryboard.storyboard; path = IngvAppIOS/contribution/coStoryboard.storyboard; sourceTree = "<group>"; };
		4304CA4318832A8100539F13 /* infStoryboard.storyboard */ = {isa = PBXFileReference; fileEncoding = 4; lastKnownFileType = file.storyboard; name = infStoryboard.storyboard; path = IngvAppIOS/informazioni/infStoryboard.storyboard; sourceTree = "<group>"; };
		4304CA4718832BB500539F13 /* mainStoryboard.storyboard */ = {isa = PBXFileReference; fileEncoding = 4; lastKnownFileType = file.storyboard; name = mainStoryboard.storyboard; path = IngvAppIOS/mainStoryboard.storyboard; sourceTree = "<group>"; };
		4304CA4A18832C4E00539F13 /* MainNavigationController.m */ = {isa = PBXFileReference; fileEncoding = 4; lastKnownFileType = sourcecode.c.objc; name = MainNavigationController.m; path = IngvAppIOS/mainController/MainNavigationController.m; sourceTree = SOURCE_ROOT; };
		4304CA4C18832C9E00539F13 /* MainNavigationController.h */ = {isa = PBXFileReference; fileEncoding = 4; lastKnownFileType = sourcecode.c.h; name = MainNavigationController.h; path = IngvAppIOS/mainController/MainNavigationController.h; sourceTree = SOURCE_ROOT; };
		4304CA4D18832C9E00539F13 /* MainTabBarController.h */ = {isa = PBXFileReference; fileEncoding = 4; lastKnownFileType = sourcecode.c.h; name = MainTabBarController.h; path = IngvAppIOS/mainController/MainTabBarController.h; sourceTree = SOURCE_ROOT; };
		4304CA4E18832C9E00539F13 /* MainTabBarController.m */ = {isa = PBXFileReference; fileEncoding = 4; lastKnownFileType = sourcecode.c.objc; name = MainTabBarController.m; path = IngvAppIOS/mainController/MainTabBarController.m; sourceTree = SOURCE_ROOT; };
		4304CA5018832C9E00539F13 /* mainTabBar1.png */ = {isa = PBXFileReference; lastKnownFileType = image.png; path = mainTabBar1.png; sourceTree = "<group>"; };
		4304CA5118832C9E00539F13 /* mainTabBar2.png */ = {isa = PBXFileReference; lastKnownFileType = image.png; path = mainTabBar2.png; sourceTree = "<group>"; };
		4304CA5618832E2900539F13 /* AppDelegate.h */ = {isa = PBXFileReference; fileEncoding = 4; lastKnownFileType = sourcecode.c.h; path = AppDelegate.h; sourceTree = "<group>"; };
		4304CA5718832E2900539F13 /* AppDelegate.m */ = {isa = PBXFileReference; fileEncoding = 4; lastKnownFileType = sourcecode.c.objc; path = AppDelegate.m; sourceTree = "<group>"; };
		4304CA5818832E2900539F13 /* main.m */ = {isa = PBXFileReference; fileEncoding = 4; lastKnownFileType = sourcecode.c.objc; path = main.m; sourceTree = "<group>"; };
		4304CA7F1883339400539F13 /* pcStoryboard.storyboard */ = {isa = PBXFileReference; fileEncoding = 4; lastKnownFileType = file.storyboard; name = pcStoryboard.storyboard; path = IngvAppIOS/phisicalContribution/pcStoryboard.storyboard; sourceTree = SOURCE_ROOT; };
		4304CA811883348E00539F13 /* Default-568h@2x.png */ = {isa = PBXFileReference; lastKnownFileType = image.png; path = "Default-568h@2x.png"; sourceTree = "<group>"; };
		4304CA831883363000539F13 /* InfoPlist.strings */ = {isa = PBXFileReference; fileEncoding = 4; lastKnownFileType = text.plist.strings; path = InfoPlist.strings; sourceTree = "<group>"; };
		4304CA861883368E00539F13 /* Project-Prefix.pch */ = {isa = PBXFileReference; fileEncoding = 4; lastKnownFileType = sourcecode.c.h; path = "Project-Prefix.pch"; sourceTree = "<group>"; };
		4304CA8C18833F3E00539F13 /* beStoryboard.storyboard */ = {isa = PBXFileReference; fileEncoding = 4; lastKnownFileType = file.storyboard; name = beStoryboard.storyboard; path = IngvAppIOS/beAlerted/beStoryboard.storyboard; sourceTree = SOURCE_ROOT; };
		43C43925187CBA7E001059FA /* AddressBookUI.framework */ = {isa = PBXFileReference; lastKnownFileType = wrapper.framework; name = AddressBookUI.framework; path = System/Library/Frameworks/AddressBookUI.framework; sourceTree = SDKROOT; };
		43D4251218834829008D68F3 /* moreStoryboard.storyboard */ = {isa = PBXFileReference; fileEncoding = 4; lastKnownFileType = file.storyboard; name = moreStoryboard.storyboard; path = IngvAppIOS/more/moreStoryboard.storyboard; sourceTree = SOURCE_ROOT; };
		43D8625A185E361B0000BDBE /* MapKit.framework */ = {isa = PBXFileReference; lastKnownFileType = wrapper.framework; name = MapKit.framework; path = System/Library/Frameworks/MapKit.framework; sourceTree = SDKROOT; };
		43E9DBFF185906C1004E9491 /* CoreLocation.framework */ = {isa = PBXFileReference; lastKnownFileType = wrapper.framework; name = CoreLocation.framework; path = System/Library/Frameworks/CoreLocation.framework; sourceTree = SDKROOT; };
		76001ECD18A5185B00608083 /* coWhereDetailTVC.h */ = {isa = PBXFileReference; fileEncoding = 4; lastKnownFileType = sourcecode.c.h; name = coWhereDetailTVC.h; path = IngvAppIOS/contribution/coWhereDetailTVC.h; sourceTree = "<group>"; };
		76001ECE18A5185B00608083 /* coWhereDetailTVC.m */ = {isa = PBXFileReference; fileEncoding = 4; lastKnownFileType = sourcecode.c.objc; name = coWhereDetailTVC.m; path = IngvAppIOS/contribution/coWhereDetailTVC.m; sourceTree = "<group>"; };
		76001ED018A520CF00608083 /* coFloorTVC.h */ = {isa = PBXFileReference; fileEncoding = 4; lastKnownFileType = sourcecode.c.h; name = coFloorTVC.h; path = IngvAppIOS/contribution/coFloorTVC.h; sourceTree = "<group>"; };
		76001ED118A520CF00608083 /* coFloorTVC.m */ = {isa = PBXFileReference; fileEncoding = 4; lastKnownFileType = sourcecode.c.objc; name = coFloorTVC.m; path = IngvAppIOS/contribution/coFloorTVC.m; sourceTree = "<group>"; };
		76001ED718A52D7300608083 /* -.csv */ = {isa = PBXFileReference; fileEncoding = 4; lastKnownFileType = text; path = "-.csv"; sourceTree = "<group>"; };
		76001ED818A52D7300608083 /* ITC1.csv */ = {isa = PBXFileReference; fileEncoding = 4; lastKnownFileType = text; path = ITC1.csv; sourceTree = "<group>"; };
		76001ED918A52D7300608083 /* ITC2.csv */ = {isa = PBXFileReference; fileEncoding = 4; lastKnownFileType = text; path = ITC2.csv; sourceTree = "<group>"; };
		76001EDA18A52D7300608083 /* ITC3.csv */ = {isa = PBXFileReference; fileEncoding = 4; lastKnownFileType = text; path = ITC3.csv; sourceTree = "<group>"; };
		76001EDB18A52D7300608083 /* ITC4.csv */ = {isa = PBXFileReference; fileEncoding = 4; lastKnownFileType = text; path = ITC4.csv; sourceTree = "<group>"; };
		76001EDC18A52D7300608083 /* ITF1.csv */ = {isa = PBXFileReference; fileEncoding = 4; lastKnownFileType = text; path = ITF1.csv; sourceTree = "<group>"; };
		76001EDD18A52D7300608083 /* ITF2.csv */ = {isa = PBXFileReference; fileEncoding = 4; lastKnownFileType = text; path = ITF2.csv; sourceTree = "<group>"; };
		76001EDE18A52D7300608083 /* ITF3.csv */ = {isa = PBXFileReference; fileEncoding = 4; lastKnownFileType = text; path = ITF3.csv; sourceTree = "<group>"; };
		76001EDF18A52D7300608083 /* ITF4.csv */ = {isa = PBXFileReference; fileEncoding = 4; lastKnownFileType = text; path = ITF4.csv; sourceTree = "<group>"; };
		76001EE018A52D7300608083 /* ITF5.csv */ = {isa = PBXFileReference; fileEncoding = 4; lastKnownFileType = text; path = ITF5.csv; sourceTree = "<group>"; };
		76001EE118A52D7300608083 /* ITF6.csv */ = {isa = PBXFileReference; fileEncoding = 4; lastKnownFileType = text; path = ITF6.csv; sourceTree = "<group>"; };
		76001EE218A52D7300608083 /* ITG1.csv */ = {isa = PBXFileReference; fileEncoding = 4; lastKnownFileType = text; path = ITG1.csv; sourceTree = "<group>"; };
		76001EE318A52D7300608083 /* ITG2.csv */ = {isa = PBXFileReference; fileEncoding = 4; lastKnownFileType = text; path = ITG2.csv; sourceTree = "<group>"; };
		76001EE418A52D7300608083 /* ITH3.csv */ = {isa = PBXFileReference; fileEncoding = 4; lastKnownFileType = text; path = ITH3.csv; sourceTree = "<group>"; };
		76001EE518A52D7300608083 /* ITH4.csv */ = {isa = PBXFileReference; fileEncoding = 4; lastKnownFileType = text; path = ITH4.csv; sourceTree = "<group>"; };
		76001EE618A52D7300608083 /* ITH5.csv */ = {isa = PBXFileReference; fileEncoding = 4; lastKnownFileType = text; path = ITH5.csv; sourceTree = "<group>"; };
		76001EE718A52D7300608083 /* ITI1.csv */ = {isa = PBXFileReference; fileEncoding = 4; lastKnownFileType = text; path = ITI1.csv; sourceTree = "<group>"; };
		76001EE818A52D7300608083 /* ITI2.csv */ = {isa = PBXFileReference; fileEncoding = 4; lastKnownFileType = text; path = ITI2.csv; sourceTree = "<group>"; };
		76001EE918A52D7300608083 /* ITI3.csv */ = {isa = PBXFileReference; fileEncoding = 4; lastKnownFileType = text; path = ITI3.csv; sourceTree = "<group>"; };
		76001EEA18A52D7300608083 /* ITI4.csv */ = {isa = PBXFileReference; fileEncoding = 4; lastKnownFileType = text; path = ITI4.csv; sourceTree = "<group>"; };
		762B99F218A8E76C00B7D3CB /* coEffectsTVC.h */ = {isa = PBXFileReference; fileEncoding = 4; lastKnownFileType = sourcecode.c.h; name = coEffectsTVC.h; path = IngvAppIOS/contribution/coEffectsTVC.h; sourceTree = "<group>"; };
		762B99F318A8E76C00B7D3CB /* coEffectsTVC.m */ = {isa = PBXFileReference; fileEncoding = 4; lastKnownFileType = sourcecode.c.objc; name = coEffectsTVC.m; path = IngvAppIOS/contribution/coEffectsTVC.m; sourceTree = "<group>"; };
		764010EF18ACD4DD0042D2E1 /* coEndTVC.h */ = {isa = PBXFileReference; fileEncoding = 4; lastKnownFileType = sourcecode.c.h; name = coEndTVC.h; path = IngvAppIOS/contribution/coEndTVC.h; sourceTree = "<group>"; };
		764010F018ACD4DD0042D2E1 /* coEndTVC.m */ = {isa = PBXFileReference; fileEncoding = 4; lastKnownFileType = sourcecode.c.objc; name = coEndTVC.m; path = IngvAppIOS/contribution/coEndTVC.m; sourceTree = "<group>"; };
		76406C2618A9276A00A20BF3 /* coQuestionTVC.h */ = {isa = PBXFileReference; fileEncoding = 4; lastKnownFileType = sourcecode.c.h; name = coQuestionTVC.h; path = IngvAppIOS/contribution/coModel/coQuestionTVC.h; sourceTree = "<group>"; };
		76406C2718A9276A00A20BF3 /* coQuestionTVC.m */ = {isa = PBXFileReference; fileEncoding = 4; lastKnownFileType = sourcecode.c.objc; name = coQuestionTVC.m; path = IngvAppIOS/contribution/coModel/coQuestionTVC.m; sourceTree = "<group>"; };
		764C9E1D18A91B880048EB92 /* coCheckmarkQuestionTVC.h */ = {isa = PBXFileReference; fileEncoding = 4; lastKnownFileType = sourcecode.c.h; name = coCheckmarkQuestionTVC.h; path = IngvAppIOS/contribution/coCheckmarkQuestionTVC.h; sourceTree = "<group>"; };
		764C9E1E18A91B880048EB92 /* coCheckmarkQuestionTVC.m */ = {isa = PBXFileReference; fileEncoding = 4; lastKnownFileType = sourcecode.c.objc; name = coCheckmarkQuestionTVC.m; path = IngvAppIOS/contribution/coCheckmarkQuestionTVC.m; sourceTree = "<group>"; };
		764C9E2018A920F50048EB92 /* coQuestionario.h */ = {isa = PBXFileReference; fileEncoding = 4; lastKnownFileType = sourcecode.c.h; name = coQuestionario.h; path = IngvAppIOS/contribution/coModel/coQuestionario.h; sourceTree = "<group>"; };
		764C9E2118A920F50048EB92 /* coQuestionario.m */ = {isa = PBXFileReference; fileEncoding = 4; lastKnownFileType = sourcecode.c.objc; name = coQuestionario.m; path = IngvAppIOS/contribution/coModel/coQuestionario.m; sourceTree = "<group>"; };
		764C9E2318A9224A0048EB92 /* coWhereLocation.h */ = {isa = PBXFileReference; fileEncoding = 4; lastKnownFileType = sourcecode.c.h; name = coWhereLocation.h; path = IngvAppIOS/contribution/coModel/coWhereLocation.h; sourceTree = "<group>"; };
		764C9E2418A9224A0048EB92 /* coWhereLocation.m */ = {isa = PBXFileReference; fileEncoding = 4; lastKnownFileType = sourcecode.c.objc; name = coWhereLocation.m; path = IngvAppIOS/contribution/coModel/coWhereLocation.m; sourceTree = "<group>"; };
		764C9E2718A923AB0048EB92 /* coStartingViewController.h */ = {isa = PBXFileReference; fileEncoding = 4; lastKnownFileType = sourcecode.c.h; name = coStartingViewController.h; path = IngvAppIOS/contribution/coStartingViewController.h; sourceTree = "<group>"; };
		764C9E2818A923AB0048EB92 /* coStartingViewController.m */ = {isa = PBXFileReference; fileEncoding = 4; lastKnownFileType = sourcecode.c.objc; name = coStartingViewController.m; path = IngvAppIOS/contribution/coStartingViewController.m; sourceTree = "<group>"; };
		764C9E2A18A924E10048EB92 /* coQuestionarioProtocol.h */ = {isa = PBXFileReference; lastKnownFileType = sourcecode.c.h; name = coQuestionarioProtocol.h; path = IngvAppIOS/contribution/coModel/coQuestionarioProtocol.h; sourceTree = "<group>"; };
		76765F5F18A3DEEE0069A76C /* coWhenTVC.h */ = {isa = PBXFileReference; fileEncoding = 4; lastKnownFileType = sourcecode.c.h; name = coWhenTVC.h; path = IngvAppIOS/contribution/coWhenTVC.h; sourceTree = "<group>"; };
		76765F6018A3DEEE0069A76C /* coWhenTVC.m */ = {isa = PBXFileReference; fileEncoding = 4; lastKnownFileType = sourcecode.c.objc; name = coWhenTVC.m; path = IngvAppIOS/contribution/coWhenTVC.m; sourceTree = "<group>"; };
		76765F6918A3E59C0069A76C /* coIndirizzoTVC.h */ = {isa = PBXFileReference; fileEncoding = 4; lastKnownFileType = sourcecode.c.h; name = coIndirizzoTVC.h; path = IngvAppIOS/contribution/coIndirizzoTVC.h; sourceTree = "<group>"; };
		76765F6A18A3E59C0069A76C /* coIndirizzoTVC.m */ = {isa = PBXFileReference; fileEncoding = 4; lastKnownFileType = sourcecode.c.objc; name = coIndirizzoTVC.m; path = IngvAppIOS/contribution/coIndirizzoTVC.m; sourceTree = "<group>"; };
		76765F6C18A3E9710069A76C /* coComuniList.txt */ = {isa = PBXFileReference; fileEncoding = 4; lastKnownFileType = text; name = coComuniList.txt; path = IngvAppIOS/contribution/coResources/coComuniList.txt; sourceTree = "<group>"; };
		76765F6D18A3E9710069A76C /* coProvinceList.txt */ = {isa = PBXFileReference; fileEncoding = 4; lastKnownFileType = text; name = coProvinceList.txt; path = IngvAppIOS/contribution/coResources/coProvinceList.txt; sourceTree = "<group>"; };
		76765F6E18A3E9710069A76C /* coRegionList.txt */ = {isa = PBXFileReference; fileEncoding = 4; lastKnownFileType = text; name = coRegionList.txt; path = IngvAppIOS/contribution/coResources/coRegionList.txt; sourceTree = "<group>"; };
		76B2F03F18ABD36A00515F97 /* coTextViewQTVC.h */ = {isa = PBXFileReference; fileEncoding = 4; lastKnownFileType = sourcecode.c.h; name = coTextViewQTVC.h; path = IngvAppIOS/contribution/coTextViewQTVC.h; sourceTree = "<group>"; };
		76B2F04018ABD36A00515F97 /* coTextViewQTVC.m */ = {isa = PBXFileReference; fileEncoding = 4; lastKnownFileType = sourcecode.c.objc; name = coTextViewQTVC.m; path = IngvAppIOS/contribution/coTextViewQTVC.m; sourceTree = "<group>"; };
		76FCFD93189034A900F72C64 /* coWhereTVC.h */ = {isa = PBXFileReference; fileEncoding = 4; lastKnownFileType = sourcecode.c.h; name = coWhereTVC.h; path = IngvAppIOS/contribution/coWhereTVC.h; sourceTree = "<group>"; };
		76FCFD94189034A900F72C64 /* coWhereTVC.m */ = {isa = PBXFileReference; fileEncoding = 4; lastKnownFileType = sourcecode.c.objc; name = coWhereTVC.m; path = IngvAppIOS/contribution/coWhereTVC.m; sourceTree = "<group>"; };
		C95304C314FECBB400BF68B6 /* IngvAppIos.app */ = {isa = PBXFileReference; explicitFileType = wrapper.application; includeInIndex = 0; path = IngvAppIos.app; sourceTree = BUILT_PRODUCTS_DIR; };
		C95304C714FECBB400BF68B6 /* UIKit.framework */ = {isa = PBXFileReference; lastKnownFileType = wrapper.framework; name = UIKit.framework; path = System/Library/Frameworks/UIKit.framework; sourceTree = SDKROOT; };
		C95304C914FECBB400BF68B6 /* Foundation.framework */ = {isa = PBXFileReference; lastKnownFileType = wrapper.framework; name = Foundation.framework; path = System/Library/Frameworks/Foundation.framework; sourceTree = SDKROOT; };
		C95304CB14FECBB400BF68B6 /* CoreGraphics.framework */ = {isa = PBXFileReference; lastKnownFileType = wrapper.framework; name = CoreGraphics.framework; path = System/Library/Frameworks/CoreGraphics.framework; sourceTree = SDKROOT; };
/* End PBXFileReference section */

/* Begin PBXFrameworksBuildPhase section */
		C95304C014FECBB400BF68B6 /* Frameworks */ = {
			isa = PBXFrameworksBuildPhase;
			buildActionMask = 2147483647;
			files = (
				43E9DC00185906C2004E9491 /* CoreLocation.framework in Frameworks */,
				43C43926187CBA7E001059FA /* AddressBookUI.framework in Frameworks */,
				43D8625B185E361B0000BDBE /* MapKit.framework in Frameworks */,
				C95304C814FECBB400BF68B6 /* UIKit.framework in Frameworks */,
				C95304CA14FECBB400BF68B6 /* Foundation.framework in Frameworks */,
				C95304CC14FECBB400BF68B6 /* CoreGraphics.framework in Frameworks */,
			);
			runOnlyForDeploymentPostprocessing = 0;
		};
/* End PBXFrameworksBuildPhase section */

/* Begin PBXGroup section */
		4304CA4F18832C9E00539F13 /* mainTabBarControllerImmagini */ = {
			isa = PBXGroup;
			children = (
				4304CA5018832C9E00539F13 /* mainTabBar1.png */,
				4304CA5118832C9E00539F13 /* mainTabBar2.png */,
			);
			name = mainTabBarControllerImmagini;
			path = IngvAppIOS/mainController/mainTabBarControllerImmagini;
			sourceTree = SOURCE_ROOT;
		};
		4304CA5518832E2900539F13 /* Supporting Files */ = {
			isa = PBXGroup;
			children = (
				4304CA861883368E00539F13 /* Project-Prefix.pch */,
				4304CA831883363000539F13 /* InfoPlist.strings */,
				4304CA5618832E2900539F13 /* AppDelegate.h */,
				4304CA5718832E2900539F13 /* AppDelegate.m */,
				4304CA5818832E2900539F13 /* main.m */,
			);
			name = "Supporting Files";
			path = "IngvAppIOS/Supporting Files";
			sourceTree = "<group>";
		};
		43CED6F11881C4B000DC6192 /* more */ = {
			isa = PBXGroup;
			children = (
				43D4251218834829008D68F3 /* moreStoryboard.storyboard */,
			);
			name = more;
			path = ScrollViews;
			sourceTree = "<group>";
		};
		43D15498187F19F600781297 /* ingvTerremoti */ = {
			isa = PBXGroup;
			children = (
				4304CA5518832E2900539F13 /* Supporting Files */,
				4304CA4718832BB500539F13 /* mainStoryboard.storyboard */,
				43EA2DD8187FF25C00598DB1 /* mainController */,
				43EA2DDB187FF33C00598DB1 /* beAlerted */,
				43EA2DDD187FF39D00598DB1 /* informazioni */,
				43EA2DDC187FF37300598DB1 /* contribution */,
				43DAA0A41857D2C40051FD9A /* phisicalContribution */,
				43CED6F11881C4B000DC6192 /* more */,
			);
			name = ingvTerremoti;
			sourceTree = "<group>";
		};
		43DAA0A41857D2C40051FD9A /* phisicalContribution */ = {
			isa = PBXGroup;
			children = (
				4304CA7F1883339400539F13 /* pcStoryboard.storyboard */,
			);
			name = phisicalContribution;
			path = ScrollViews;
			sourceTree = "<group>";
		};
		43EA2DD8187FF25C00598DB1 /* mainController */ = {
			isa = PBXGroup;
			children = (
				4304CA4C18832C9E00539F13 /* MainNavigationController.h */,
				4304CA4A18832C4E00539F13 /* MainNavigationController.m */,
				4304CA4D18832C9E00539F13 /* MainTabBarController.h */,
				4304CA4E18832C9E00539F13 /* MainTabBarController.m */,
				4304CA4F18832C9E00539F13 /* mainTabBarControllerImmagini */,
			);
			name = mainController;
			path = ScrollViews;
			sourceTree = "<group>";
		};
		43EA2DDB187FF33C00598DB1 /* beAlerted */ = {
			isa = PBXGroup;
			children = (
				4304CA8C18833F3E00539F13 /* beStoryboard.storyboard */,
			);
			name = beAlerted;
			path = ScrollViews;
			sourceTree = "<group>";
		};
		43EA2DDC187FF37300598DB1 /* contribution */ = {
			isa = PBXGroup;
			children = (
				764C9E2618A922540048EB92 /* coModel */,
				76765F6818A3E5200069A76C /* coResources */,
				76FCFD921890347800F72C64 /* coViewControllers */,
				4304CA4118832A7000539F13 /* coStoryboard.storyboard */,
			);
			name = contribution;
			sourceTree = "<group>";
		};
		43EA2DDD187FF39D00598DB1 /* informazioni */ = {
			isa = PBXGroup;
			children = (
				4304CA4318832A8100539F13 /* infStoryboard.storyboard */,
			);
			name = informazioni;
			sourceTree = "<group>";
		};
		76001ED618A52D7300608083 /* Frazioni */ = {
			isa = PBXGroup;
			children = (
				76001ED718A52D7300608083 /* -.csv */,
				76001ED818A52D7300608083 /* ITC1.csv */,
				76001ED918A52D7300608083 /* ITC2.csv */,
				76001EDA18A52D7300608083 /* ITC3.csv */,
				76001EDB18A52D7300608083 /* ITC4.csv */,
				76001EDC18A52D7300608083 /* ITF1.csv */,
				76001EDD18A52D7300608083 /* ITF2.csv */,
				76001EDE18A52D7300608083 /* ITF3.csv */,
				76001EDF18A52D7300608083 /* ITF4.csv */,
				76001EE018A52D7300608083 /* ITF5.csv */,
				76001EE118A52D7300608083 /* ITF6.csv */,
				76001EE218A52D7300608083 /* ITG1.csv */,
				76001EE318A52D7300608083 /* ITG2.csv */,
				76001EE418A52D7300608083 /* ITH3.csv */,
				76001EE518A52D7300608083 /* ITH4.csv */,
				76001EE618A52D7300608083 /* ITH5.csv */,
				76001EE718A52D7300608083 /* ITI1.csv */,
				76001EE818A52D7300608083 /* ITI2.csv */,
				76001EE918A52D7300608083 /* ITI3.csv */,
				76001EEA18A52D7300608083 /* ITI4.csv */,
			);
			name = Frazioni;
			path = IngvAppIOS/contribution/coResources/Frazioni;
			sourceTree = "<group>";
		};
		764195C218A9169B00D6D939 /* Indirizzo */ = {
			isa = PBXGroup;
			children = (
				76001ECD18A5185B00608083 /* coWhereDetailTVC.h */,
				76001ECE18A5185B00608083 /* coWhereDetailTVC.m */,
				76765F6918A3E59C0069A76C /* coIndirizzoTVC.h */,
				76765F6A18A3E59C0069A76C /* coIndirizzoTVC.m */,
				76FCFD93189034A900F72C64 /* coWhereTVC.h */,
				76FCFD94189034A900F72C64 /* coWhereTVC.m */,
				76001ED018A520CF00608083 /* coFloorTVC.h */,
				76001ED118A520CF00608083 /* coFloorTVC.m */,
				76B2F03F18ABD36A00515F97 /* coTextViewQTVC.h */,
				76B2F04018ABD36A00515F97 /* coTextViewQTVC.m */,
				764010EF18ACD4DD0042D2E1 /* coEndTVC.h */,
				764010F018ACD4DD0042D2E1 /* coEndTVC.m */,
			);
			name = Indirizzo;
			sourceTree = "<group>";
		};
		764C9E2618A922540048EB92 /* coModel */ = {
			isa = PBXGroup;
			children = (
				764C9E2318A9224A0048EB92 /* coWhereLocation.h */,
				764C9E2418A9224A0048EB92 /* coWhereLocation.m */,
				764C9E2018A920F50048EB92 /* coQuestionario.h */,
				764C9E2118A920F50048EB92 /* coQuestionario.m */,
				764C9E2A18A924E10048EB92 /* coQuestionarioProtocol.h */,
			);
			name = coModel;
			sourceTree = "<group>";
		};
		76765F6818A3E5200069A76C /* coResources */ = {
			isa = PBXGroup;
			children = (
				76001ED618A52D7300608083 /* Frazioni */,
				76765F6C18A3E9710069A76C /* coComuniList.txt */,
				76765F6D18A3E9710069A76C /* coProvinceList.txt */,
				76765F6E18A3E9710069A76C /* coRegionList.txt */,
			);
			name = coResources;
			sourceTree = "<group>";
		};
		76FCFD921890347800F72C64 /* coViewControllers */ = {
			isa = PBXGroup;
			children = (
				764195C218A9169B00D6D939 /* Indirizzo */,
				76406C2618A9276A00A20BF3 /* coQuestionTVC.h */,
				76406C2718A9276A00A20BF3 /* coQuestionTVC.m */,
				764C9E1D18A91B880048EB92 /* coCheckmarkQuestionTVC.h */,
				764C9E1E18A91B880048EB92 /* coCheckmarkQuestionTVC.m */,
				764C9E2718A923AB0048EB92 /* coStartingViewController.h */,
				764C9E2818A923AB0048EB92 /* coStartingViewController.m */,
				762B99F218A8E76C00B7D3CB /* coEffectsTVC.h */,
				762B99F318A8E76C00B7D3CB /* coEffectsTVC.m */,
				76765F5F18A3DEEE0069A76C /* coWhenTVC.h */,
				76765F6018A3DEEE0069A76C /* coWhenTVC.m */,
			);
			name = coViewControllers;
			sourceTree = "<group>";
		};
		C95304B814FECBB300BF68B6 = {
			isa = PBXGroup;
			children = (
				4304CA811883348E00539F13 /* Default-568h@2x.png */,
				43D15498187F19F600781297 /* ingvTerremoti */,
				C95304C614FECBB400BF68B6 /* Frameworks */,
				C95304C414FECBB400BF68B6 /* Products */,
			);
			sourceTree = "<group>";
		};
		C95304C414FECBB400BF68B6 /* Products */ = {
			isa = PBXGroup;
			children = (
				C95304C314FECBB400BF68B6 /* IngvAppIos.app */,
			);
			name = Products;
			sourceTree = "<group>";
		};
		C95304C614FECBB400BF68B6 /* Frameworks */ = {
			isa = PBXGroup;
			children = (
				43E9DBFF185906C1004E9491 /* CoreLocation.framework */,
				43D8625A185E361B0000BDBE /* MapKit.framework */,
				43C43925187CBA7E001059FA /* AddressBookUI.framework */,
				C95304C714FECBB400BF68B6 /* UIKit.framework */,
				C95304C914FECBB400BF68B6 /* Foundation.framework */,
				C95304CB14FECBB400BF68B6 /* CoreGraphics.framework */,
			);
			name = Frameworks;
			sourceTree = "<group>";
		};
/* End PBXGroup section */

/* Begin PBXNativeTarget section */
		C95304C214FECBB400BF68B6 /* Project */ = {
			isa = PBXNativeTarget;
			buildConfigurationList = C95304E114FECBB400BF68B6 /* Build configuration list for PBXNativeTarget "Project" */;
			buildPhases = (
				C95304BF14FECBB400BF68B6 /* Sources */,
				C95304C014FECBB400BF68B6 /* Frameworks */,
				C95304C114FECBB400BF68B6 /* Resources */,
			);
			buildRules = (
			);
			dependencies = (
			);
			name = Project;
			productName = ScrollViews;
			productReference = C95304C314FECBB400BF68B6 /* IngvAppIos.app */;
			productType = "com.apple.product-type.application";
		};
/* End PBXNativeTarget section */

/* Begin PBXProject section */
		C95304BA14FECBB300BF68B6 /* Project object */ = {
			isa = PBXProject;
			attributes = {
				LastUpgradeCheck = 0500;
				ORGANIZATIONNAME = "Swipe Stack Ltd";
				TargetAttributes = {
					C95304C214FECBB400BF68B6 = {
						SystemCapabilities = {
							com.apple.BackgroundModes = {
								enabled = 1;
							};
						};
					};
				};
			};
			buildConfigurationList = C95304BD14FECBB300BF68B6 /* Build configuration list for PBXProject "Project" */;
			compatibilityVersion = "Xcode 3.2";
			developmentRegion = English;
			hasScannedForEncodings = 0;
			knownRegions = (
				en,
			);
			mainGroup = C95304B814FECBB300BF68B6;
			productRefGroup = C95304C414FECBB400BF68B6 /* Products */;
			projectDirPath = "";
			projectRoot = "";
			targets = (
				C95304C214FECBB400BF68B6 /* Project */,
			);
		};
/* End PBXProject section */

/* Begin PBXResourcesBuildPhase section */
		C95304C114FECBB400BF68B6 /* Resources */ = {
			isa = PBXResourcesBuildPhase;
			buildActionMask = 2147483647;
			files = (
				76001EF218A52D7300608083 /* ITF3.csv in Resources */,
				4304CA4418832A8100539F13 /* infStoryboard.storyboard in Resources */,
				4304CA841883363000539F13 /* InfoPlist.strings in Resources */,
				76001EFB18A52D7300608083 /* ITI1.csv in Resources */,
				76001EF518A52D7300608083 /* ITF6.csv in Resources */,
				76765F7118A3E9710069A76C /* coRegionList.txt in Resources */,
				76001EF118A52D7300608083 /* ITF2.csv in Resources */,
				76001EEC18A52D7300608083 /* ITC1.csv in Resources */,
				76001EED18A52D7300608083 /* ITC2.csv in Resources */,
				76001EF618A52D7300608083 /* ITG1.csv in Resources */,
				4304CA4218832A7000539F13 /* coStoryboard.storyboard in Resources */,
				76001EEF18A52D7300608083 /* ITC4.csv in Resources */,
				76001EF318A52D7300608083 /* ITF4.csv in Resources */,
				76001EEB18A52D7300608083 /* -.csv in Resources */,
				4304CA5318832C9E00539F13 /* mainTabBar1.png in Resources */,
				4304CA801883339400539F13 /* pcStoryboard.storyboard in Resources */,
				76001EF018A52D7300608083 /* ITF1.csv in Resources */,
				76001EEE18A52D7300608083 /* ITC3.csv in Resources */,
				4304CA4818832BB500539F13 /* mainStoryboard.storyboard in Resources */,
				4304CA821883348E00539F13 /* Default-568h@2x.png in Resources */,
				4304CA8D18833F3E00539F13 /* beStoryboard.storyboard in Resources */,
				76765F7018A3E9710069A76C /* coProvinceList.txt in Resources */,
				76765F6F18A3E9710069A76C /* coComuniList.txt in Resources */,
				76001EF718A52D7300608083 /* ITG2.csv in Resources */,
				76001EF918A52D7300608083 /* ITH4.csv in Resources */,
				76001EF418A52D7300608083 /* ITF5.csv in Resources */,
				76001EF818A52D7300608083 /* ITH3.csv in Resources */,
				76001EFE18A52D7300608083 /* ITI4.csv in Resources */,
				76001EFD18A52D7300608083 /* ITI3.csv in Resources */,
				76001EFA18A52D7300608083 /* ITH5.csv in Resources */,
				43D4251318834829008D68F3 /* moreStoryboard.storyboard in Resources */,
				76001EFC18A52D7300608083 /* ITI2.csv in Resources */,
				4304CA5418832C9E00539F13 /* mainTabBar2.png in Resources */,
			);
			runOnlyForDeploymentPostprocessing = 0;
		};
/* End PBXResourcesBuildPhase section */

/* Begin PBXSourcesBuildPhase section */
		C95304BF14FECBB400BF68B6 /* Sources */ = {
			isa = PBXSourcesBuildPhase;
			buildActionMask = 2147483647;
			files = (
				4304CA5B18832E2900539F13 /* AppDelegate.m in Sources */,
				76406C2818A9276A00A20BF3 /* coQuestionTVC.m in Sources */,
				76765F6118A3DEEE0069A76C /* coWhenTVC.m in Sources */,
				762B99F418A8E76C00B7D3CB /* coEffectsTVC.m in Sources */,
				764C9E2518A9224A0048EB92 /* coWhereLocation.m in Sources */,
				4304CA5218832C9E00539F13 /* MainTabBarController.m in Sources */,
				764010F118ACD4DD0042D2E1 /* coEndTVC.m in Sources */,
				4304CA4B18832C4E00539F13 /* MainNavigationController.m in Sources */,
				76765F6B18A3E59C0069A76C /* coIndirizzoTVC.m in Sources */,
				764C9E1F18A91B880048EB92 /* coCheckmarkQuestionTVC.m in Sources */,
				4304CA5C18832E2900539F13 /* main.m in Sources */,
				764C9E2218A920F50048EB92 /* coQuestionario.m in Sources */,
				76B2F04118ABD36A00515F97 /* coTextViewQTVC.m in Sources */,
				76001ECF18A5185B00608083 /* coWhereDetailTVC.m in Sources */,
				76FCFD95189034A900F72C64 /* coWhereTVC.m in Sources */,
				76001ED218A520CF00608083 /* coFloorTVC.m in Sources */,
				764C9E2918A923AB0048EB92 /* coStartingViewController.m in Sources */,
			);
			runOnlyForDeploymentPostprocessing = 0;
		};
/* End PBXSourcesBuildPhase section */

/* Begin XCBuildConfiguration section */
		C95304DF14FECBB400BF68B6 /* Debug */ = {
			isa = XCBuildConfiguration;
			buildSettings = {
				ALWAYS_SEARCH_USER_PATHS = NO;
				CLANG_ENABLE_OBJC_ARC = YES;
				CLANG_WARN_BOOL_CONVERSION = YES;
				CLANG_WARN_CONSTANT_CONVERSION = YES;
				CLANG_WARN_EMPTY_BODY = YES;
				CLANG_WARN_ENUM_CONVERSION = YES;
				CLANG_WARN_INT_CONVERSION = YES;
				CLANG_WARN__DUPLICATE_METHOD_MATCH = YES;
				"CODE_SIGN_IDENTITY[sdk=iphoneos*]" = "iPhone Developer";
				COPY_PHASE_STRIP = NO;
				GCC_C_LANGUAGE_STANDARD = gnu99;
				GCC_DYNAMIC_NO_PIC = NO;
				GCC_OPTIMIZATION_LEVEL = 0;
				GCC_PREPROCESSOR_DEFINITIONS = (
					"DEBUG=1",
					"$(inherited)",
				);
				GCC_SYMBOLS_PRIVATE_EXTERN = NO;
				GCC_VERSION = com.apple.compilers.llvm.clang.1_0;
				GCC_WARN_64_TO_32_BIT_CONVERSION = YES;
				GCC_WARN_ABOUT_RETURN_TYPE = YES;
				GCC_WARN_UNDECLARED_SELECTOR = YES;
				GCC_WARN_UNINITIALIZED_AUTOS = YES;
				GCC_WARN_UNUSED_FUNCTION = YES;
				GCC_WARN_UNUSED_VARIABLE = YES;
				IPHONEOS_DEPLOYMENT_TARGET = 7.0;
				ONLY_ACTIVE_ARCH = YES;
				SDKROOT = iphoneos;
			};
			name = Debug;
		};
		C95304E014FECBB400BF68B6 /* Release */ = {
			isa = XCBuildConfiguration;
			buildSettings = {
				ALWAYS_SEARCH_USER_PATHS = NO;
				CLANG_ENABLE_OBJC_ARC = YES;
				CLANG_WARN_BOOL_CONVERSION = YES;
				CLANG_WARN_CONSTANT_CONVERSION = YES;
				CLANG_WARN_EMPTY_BODY = YES;
				CLANG_WARN_ENUM_CONVERSION = YES;
				CLANG_WARN_INT_CONVERSION = YES;
				CLANG_WARN__DUPLICATE_METHOD_MATCH = YES;
				"CODE_SIGN_IDENTITY[sdk=iphoneos*]" = "iPhone Developer";
				COPY_PHASE_STRIP = YES;
				GCC_C_LANGUAGE_STANDARD = gnu99;
				GCC_VERSION = com.apple.compilers.llvm.clang.1_0;
				GCC_WARN_64_TO_32_BIT_CONVERSION = YES;
				GCC_WARN_ABOUT_RETURN_TYPE = YES;
				GCC_WARN_UNDECLARED_SELECTOR = YES;
				GCC_WARN_UNINITIALIZED_AUTOS = YES;
				GCC_WARN_UNUSED_FUNCTION = YES;
				GCC_WARN_UNUSED_VARIABLE = YES;
				IPHONEOS_DEPLOYMENT_TARGET = 7.0;
				OTHER_CFLAGS = "-DNS_BLOCK_ASSERTIONS=1";
				SDKROOT = iphoneos;
				VALIDATE_PRODUCT = YES;
			};
			name = Release;
		};
		C95304E214FECBB400BF68B6 /* Debug */ = {
			isa = XCBuildConfiguration;
			buildSettings = {
				GCC_PRECOMPILE_PREFIX_HEADER = YES;
				GCC_PREFIX_HEADER = "IngvAppIOS/Supporting Files/Project-Prefix.pch";
				INFOPLIST_FILE = "IngvAppIOS/Supporting Files/Project-Info.plist";
				IPHONEOS_DEPLOYMENT_TARGET = 7.0;
				PRODUCT_NAME = IngvAppIos;
				WRAPPER_EXTENSION = app;
			};
			name = Debug;
		};
		C95304E314FECBB400BF68B6 /* Release */ = {
			isa = XCBuildConfiguration;
			buildSettings = {
				GCC_PRECOMPILE_PREFIX_HEADER = YES;
				GCC_PREFIX_HEADER = "IngvAppIOS/Supporting Files/Project-Prefix.pch";
				INFOPLIST_FILE = "IngvAppIOS/Supporting Files/Project-Info.plist";
				IPHONEOS_DEPLOYMENT_TARGET = 7.0;
				PRODUCT_NAME = IngvAppIos;
				WRAPPER_EXTENSION = app;
			};
			name = Release;
		};
/* End XCBuildConfiguration section */

/* Begin XCConfigurationList section */
		C95304BD14FECBB300BF68B6 /* Build configuration list for PBXProject "Project" */ = {
			isa = XCConfigurationList;
			buildConfigurations = (
				C95304DF14FECBB400BF68B6 /* Debug */,
				C95304E014FECBB400BF68B6 /* Release */,
			);
			defaultConfigurationIsVisible = 0;
			defaultConfigurationName = Release;
		};
		C95304E114FECBB400BF68B6 /* Build configuration list for PBXNativeTarget "Project" */ = {
			isa = XCConfigurationList;
			buildConfigurations = (
				C95304E214FECBB400BF68B6 /* Debug */,
				C95304E314FECBB400BF68B6 /* Release */,
			);
			defaultConfigurationIsVisible = 0;
			defaultConfigurationName = Release;
		};
/* End XCConfigurationList section */
	};
	rootObject = C95304BA14FECBB300BF68B6 /* Project object */;
}
